// !$*UTF8*$!
{
	archiveVersion = 1;
	classes = {
	};
	objectVersion = 51;
	objects = {

/* Begin PBXBuildFile section */
		9A7D9511229F072700F7A89E /* AppDelegate.swift in Sources */ = {isa = PBXBuildFile; fileRef = 9A7D9510229F072700F7A89E /* AppDelegate.swift */; };
		9A7D9518229F072A00F7A89E /* Assets.xcassets in Resources */ = {isa = PBXBuildFile; fileRef = 9A7D9517229F072A00F7A89E /* Assets.xcassets */; };
		9A7D951B229F072A00F7A89E /* LaunchScreen.storyboard in Resources */ = {isa = PBXBuildFile; fileRef = 9A7D9519229F072A00F7A89E /* LaunchScreen.storyboard */; };
		9A7D9526229F072A00F7A89E /* HomesterdamTests.swift in Sources */ = {isa = PBXBuildFile; fileRef = 9A7D9525229F072A00F7A89E /* HomesterdamTests.swift */; };
		9A7D9531229F072A00F7A89E /* HomesterdamUITests.swift in Sources */ = {isa = PBXBuildFile; fileRef = 9A7D9530229F072A00F7A89E /* HomesterdamUITests.swift */; };
		9A7D9540229F0BB900F7A89E /* BaseView.swift in Sources */ = {isa = PBXBuildFile; fileRef = 9A7D953F229F0BB900F7A89E /* BaseView.swift */; };
		9A7D9542229F0BE400F7A89E /* BaseViewController.swift in Sources */ = {isa = PBXBuildFile; fileRef = 9A7D9541229F0BE400F7A89E /* BaseViewController.swift */; };
		9A7D9544229F2AD600F7A89E /* Networking.swift in Sources */ = {isa = PBXBuildFile; fileRef = 9A7D9543229F2AD600F7A89E /* Networking.swift */; };
		9A7D9546229F2CE000F7A89E /* main.swift in Sources */ = {isa = PBXBuildFile; fileRef = 9A7D9545229F2CE000F7A89E /* main.swift */; };
		9A7D9549229F348700F7A89E /* ListingResponse.swift in Sources */ = {isa = PBXBuildFile; fileRef = 9A7D9548229F348700F7A89E /* ListingResponse.swift */; };
		9A7D954D229FD1E700F7A89E /* ListingService.swift in Sources */ = {isa = PBXBuildFile; fileRef = 9A7D954C229FD1E700F7A89E /* ListingService.swift */; };
		9A7D954F229FD2B600F7A89E /* ListingNetworkService.swift in Sources */ = {isa = PBXBuildFile; fileRef = 9A7D954E229FD2B600F7A89E /* ListingNetworkService.swift */; };
		9A7D9553229FE49200F7A89E /* ListingPresentable.swift in Sources */ = {isa = PBXBuildFile; fileRef = 9A7D9552229FE49200F7A89E /* ListingPresentable.swift */; };
		9A7D9555229FE57E00F7A89E /* ListingView.swift in Sources */ = {isa = PBXBuildFile; fileRef = 9A7D9554229FE57E00F7A89E /* ListingView.swift */; };
		9A7D9557229FE70400F7A89E /* ListingPresenter.swift in Sources */ = {isa = PBXBuildFile; fileRef = 9A7D9556229FE70400F7A89E /* ListingPresenter.swift */; };
		9A7D955A229FECB400F7A89E /* ListingViewController.swift in Sources */ = {isa = PBXBuildFile; fileRef = 9A7D9558229FECB400F7A89E /* ListingViewController.swift */; };
		9A7D955B229FECB400F7A89E /* ListingViewController.xib in Resources */ = {isa = PBXBuildFile; fileRef = 9A7D9559229FECB400F7A89E /* ListingViewController.xib */; };
		9A7D955E22A06BA600F7A89E /* ListingTableViewCell.swift in Sources */ = {isa = PBXBuildFile; fileRef = 9A7D955C22A06BA600F7A89E /* ListingTableViewCell.swift */; };
		9A7D955F22A06BA600F7A89E /* ListingTableViewCell.xib in Resources */ = {isa = PBXBuildFile; fileRef = 9A7D955D22A06BA600F7A89E /* ListingTableViewCell.xib */; };
		9A7D956122A06BC600F7A89E /* ReuseIdentifying.swift in Sources */ = {isa = PBXBuildFile; fileRef = 9A7D956022A06BC600F7A89E /* ReuseIdentifying.swift */; };
		9A7D956322A087A100F7A89E /* URLBuilder.swift in Sources */ = {isa = PBXBuildFile; fileRef = 9A7D956222A087A100F7A89E /* URLBuilder.swift */; };
		9A7D956722A1CF9400F7A89E /* MakelaarsPresentable.swift in Sources */ = {isa = PBXBuildFile; fileRef = 9A7D956622A1CF9400F7A89E /* MakelaarsPresentable.swift */; };
		9A7D956922A1CFA100F7A89E /* MakelaarsPresenter.swift in Sources */ = {isa = PBXBuildFile; fileRef = 9A7D956822A1CFA100F7A89E /* MakelaarsPresenter.swift */; };
		9A7D956C22A1D02D00F7A89E /* MakelaarsView.swift in Sources */ = {isa = PBXBuildFile; fileRef = 9A7D956B22A1D02D00F7A89E /* MakelaarsView.swift */; };
		9A7D956F22A1D2A100F7A89E /* MakelaarsViewController.swift in Sources */ = {isa = PBXBuildFile; fileRef = 9A7D956D22A1D2A100F7A89E /* MakelaarsViewController.swift */; };
		9A7D957022A1D2A100F7A89E /* MakelaarsViewController.xib in Resources */ = {isa = PBXBuildFile; fileRef = 9A7D956E22A1D2A100F7A89E /* MakelaarsViewController.xib */; };
		9A7D957322A2E62500F7A89E /* MakelaarTableViewCell.swift in Sources */ = {isa = PBXBuildFile; fileRef = 9A7D957122A2E62500F7A89E /* MakelaarTableViewCell.swift */; };
		9A7D957422A2E62500F7A89E /* MakelaarTableViewCell.xib in Resources */ = {isa = PBXBuildFile; fileRef = 9A7D957222A2E62500F7A89E /* MakelaarTableViewCell.xib */; };
		E1D17C717106D92D699A2B0D /* libPods-HomesterdamUITests.a in Frameworks */ = {isa = PBXBuildFile; fileRef = C4C45CB077BAFD6A3C6A18B4 /* libPods-HomesterdamUITests.a */; };
		F77B284E364C09AAFCBEC417 /* Pods_Homesterdam.framework in Frameworks */ = {isa = PBXBuildFile; fileRef = ED58DBAE26AFBE95F796ABA1 /* Pods_Homesterdam.framework */; };
		F8AFA2BF291F108B0CF0DFE3 /* libPods-HomesterdamTests.a in Frameworks */ = {isa = PBXBuildFile; fileRef = CEB9883AB40DE345B208287F /* libPods-HomesterdamTests.a */; };
/* End PBXBuildFile section */

/* Begin PBXContainerItemProxy section */
		9A7D9522229F072A00F7A89E /* PBXContainerItemProxy */ = {
			isa = PBXContainerItemProxy;
			containerPortal = 9A7D9505229F072700F7A89E /* Project object */;
			proxyType = 1;
			remoteGlobalIDString = 9A7D950C229F072700F7A89E;
			remoteInfo = Homesterdam;
		};
		9A7D952D229F072A00F7A89E /* PBXContainerItemProxy */ = {
			isa = PBXContainerItemProxy;
			containerPortal = 9A7D9505229F072700F7A89E /* Project object */;
			proxyType = 1;
			remoteGlobalIDString = 9A7D950C229F072700F7A89E;
			remoteInfo = Homesterdam;
		};
/* End PBXContainerItemProxy section */

/* Begin PBXFileReference section */
		13D709322FA3F321EA6E42A0 /* Pods-HomesterdamUITests.debug.xcconfig */ = {isa = PBXFileReference; includeInIndex = 1; lastKnownFileType = text.xcconfig; name = "Pods-HomesterdamUITests.debug.xcconfig"; path = "Target Support Files/Pods-HomesterdamUITests/Pods-HomesterdamUITests.debug.xcconfig"; sourceTree = "<group>"; };
		360892AC04FC97EE1EC1B8CB /* Pods-HomesterdamUITests.release.xcconfig */ = {isa = PBXFileReference; includeInIndex = 1; lastKnownFileType = text.xcconfig; name = "Pods-HomesterdamUITests.release.xcconfig"; path = "Target Support Files/Pods-HomesterdamUITests/Pods-HomesterdamUITests.release.xcconfig"; sourceTree = "<group>"; };
		4D81C73DE89CE9E03469133C /* Pods-Homesterdam.release.xcconfig */ = {isa = PBXFileReference; includeInIndex = 1; lastKnownFileType = text.xcconfig; name = "Pods-Homesterdam.release.xcconfig"; path = "Target Support Files/Pods-Homesterdam/Pods-Homesterdam.release.xcconfig"; sourceTree = "<group>"; };
		856B1515FDAD8D043AC8C6AC /* Pods-HomesterdamTests.debug.xcconfig */ = {isa = PBXFileReference; includeInIndex = 1; lastKnownFileType = text.xcconfig; name = "Pods-HomesterdamTests.debug.xcconfig"; path = "Target Support Files/Pods-HomesterdamTests/Pods-HomesterdamTests.debug.xcconfig"; sourceTree = "<group>"; };
		85E45E424E220B08D25C7BEB /* Pods-Homesterdam.debug.xcconfig */ = {isa = PBXFileReference; includeInIndex = 1; lastKnownFileType = text.xcconfig; name = "Pods-Homesterdam.debug.xcconfig"; path = "Target Support Files/Pods-Homesterdam/Pods-Homesterdam.debug.xcconfig"; sourceTree = "<group>"; };
		8EB222E7FB840310771E1CDA /* Pods-HomesterdamTests.release.xcconfig */ = {isa = PBXFileReference; includeInIndex = 1; lastKnownFileType = text.xcconfig; name = "Pods-HomesterdamTests.release.xcconfig"; path = "Target Support Files/Pods-HomesterdamTests/Pods-HomesterdamTests.release.xcconfig"; sourceTree = "<group>"; };
		9A7D950D229F072700F7A89E /* Homesterdam.app */ = {isa = PBXFileReference; explicitFileType = wrapper.application; includeInIndex = 0; path = Homesterdam.app; sourceTree = BUILT_PRODUCTS_DIR; };
		9A7D9510229F072700F7A89E /* AppDelegate.swift */ = {isa = PBXFileReference; lastKnownFileType = sourcecode.swift; path = AppDelegate.swift; sourceTree = "<group>"; };
		9A7D9517229F072A00F7A89E /* Assets.xcassets */ = {isa = PBXFileReference; lastKnownFileType = folder.assetcatalog; path = Assets.xcassets; sourceTree = "<group>"; };
		9A7D951A229F072A00F7A89E /* Base */ = {isa = PBXFileReference; lastKnownFileType = file.storyboard; name = Base; path = Base.lproj/LaunchScreen.storyboard; sourceTree = "<group>"; };
		9A7D951C229F072A00F7A89E /* Info.plist */ = {isa = PBXFileReference; lastKnownFileType = text.plist.xml; path = Info.plist; sourceTree = "<group>"; };
		9A7D9521229F072A00F7A89E /* HomesterdamTests.xctest */ = {isa = PBXFileReference; explicitFileType = wrapper.cfbundle; includeInIndex = 0; path = HomesterdamTests.xctest; sourceTree = BUILT_PRODUCTS_DIR; };
		9A7D9525229F072A00F7A89E /* HomesterdamTests.swift */ = {isa = PBXFileReference; lastKnownFileType = sourcecode.swift; path = HomesterdamTests.swift; sourceTree = "<group>"; };
		9A7D9527229F072A00F7A89E /* Info.plist */ = {isa = PBXFileReference; lastKnownFileType = text.plist.xml; path = Info.plist; sourceTree = "<group>"; };
		9A7D952C229F072A00F7A89E /* HomesterdamUITests.xctest */ = {isa = PBXFileReference; explicitFileType = wrapper.cfbundle; includeInIndex = 0; path = HomesterdamUITests.xctest; sourceTree = BUILT_PRODUCTS_DIR; };
		9A7D9530229F072A00F7A89E /* HomesterdamUITests.swift */ = {isa = PBXFileReference; lastKnownFileType = sourcecode.swift; path = HomesterdamUITests.swift; sourceTree = "<group>"; };
		9A7D9532229F072A00F7A89E /* Info.plist */ = {isa = PBXFileReference; lastKnownFileType = text.plist.xml; path = Info.plist; sourceTree = "<group>"; };
		9A7D953F229F0BB900F7A89E /* BaseView.swift */ = {isa = PBXFileReference; lastKnownFileType = sourcecode.swift; path = BaseView.swift; sourceTree = "<group>"; };
		9A7D9541229F0BE400F7A89E /* BaseViewController.swift */ = {isa = PBXFileReference; lastKnownFileType = sourcecode.swift; path = BaseViewController.swift; sourceTree = "<group>"; };
		9A7D9543229F2AD600F7A89E /* Networking.swift */ = {isa = PBXFileReference; lastKnownFileType = sourcecode.swift; path = Networking.swift; sourceTree = "<group>"; };
		9A7D9545229F2CE000F7A89E /* main.swift */ = {isa = PBXFileReference; lastKnownFileType = sourcecode.swift; path = main.swift; sourceTree = "<group>"; };
		9A7D9548229F348700F7A89E /* ListingResponse.swift */ = {isa = PBXFileReference; lastKnownFileType = sourcecode.swift; path = ListingResponse.swift; sourceTree = "<group>"; };
		9A7D954C229FD1E700F7A89E /* ListingService.swift */ = {isa = PBXFileReference; lastKnownFileType = sourcecode.swift; path = ListingService.swift; sourceTree = "<group>"; };
		9A7D954E229FD2B600F7A89E /* ListingNetworkService.swift */ = {isa = PBXFileReference; lastKnownFileType = sourcecode.swift; path = ListingNetworkService.swift; sourceTree = "<group>"; };
		9A7D9552229FE49200F7A89E /* ListingPresentable.swift */ = {isa = PBXFileReference; lastKnownFileType = sourcecode.swift; path = ListingPresentable.swift; sourceTree = "<group>"; };
		9A7D9554229FE57E00F7A89E /* ListingView.swift */ = {isa = PBXFileReference; lastKnownFileType = sourcecode.swift; path = ListingView.swift; sourceTree = "<group>"; };
		9A7D9556229FE70400F7A89E /* ListingPresenter.swift */ = {isa = PBXFileReference; lastKnownFileType = sourcecode.swift; path = ListingPresenter.swift; sourceTree = "<group>"; };
		9A7D9558229FECB400F7A89E /* ListingViewController.swift */ = {isa = PBXFileReference; lastKnownFileType = sourcecode.swift; path = ListingViewController.swift; sourceTree = "<group>"; };
		9A7D9559229FECB400F7A89E /* ListingViewController.xib */ = {isa = PBXFileReference; lastKnownFileType = file.xib; path = ListingViewController.xib; sourceTree = "<group>"; };
		9A7D955C22A06BA600F7A89E /* ListingTableViewCell.swift */ = {isa = PBXFileReference; lastKnownFileType = sourcecode.swift; path = ListingTableViewCell.swift; sourceTree = "<group>"; };
		9A7D955D22A06BA600F7A89E /* ListingTableViewCell.xib */ = {isa = PBXFileReference; lastKnownFileType = file.xib; path = ListingTableViewCell.xib; sourceTree = "<group>"; };
		9A7D956022A06BC600F7A89E /* ReuseIdentifying.swift */ = {isa = PBXFileReference; lastKnownFileType = sourcecode.swift; path = ReuseIdentifying.swift; sourceTree = "<group>"; };
		9A7D956222A087A100F7A89E /* URLBuilder.swift */ = {isa = PBXFileReference; lastKnownFileType = sourcecode.swift; path = URLBuilder.swift; sourceTree = "<group>"; };
		9A7D956622A1CF9400F7A89E /* MakelaarsPresentable.swift */ = {isa = PBXFileReference; lastKnownFileType = sourcecode.swift; path = MakelaarsPresentable.swift; sourceTree = "<group>"; };
		9A7D956822A1CFA100F7A89E /* MakelaarsPresenter.swift */ = {isa = PBXFileReference; lastKnownFileType = sourcecode.swift; path = MakelaarsPresenter.swift; sourceTree = "<group>"; };
		9A7D956B22A1D02D00F7A89E /* MakelaarsView.swift */ = {isa = PBXFileReference; lastKnownFileType = sourcecode.swift; path = MakelaarsView.swift; sourceTree = "<group>"; };
		9A7D956D22A1D2A100F7A89E /* MakelaarsViewController.swift */ = {isa = PBXFileReference; lastKnownFileType = sourcecode.swift; path = MakelaarsViewController.swift; sourceTree = "<group>"; };
		9A7D956E22A1D2A100F7A89E /* MakelaarsViewController.xib */ = {isa = PBXFileReference; lastKnownFileType = file.xib; path = MakelaarsViewController.xib; sourceTree = "<group>"; };
		9A7D957122A2E62500F7A89E /* MakelaarTableViewCell.swift */ = {isa = PBXFileReference; lastKnownFileType = sourcecode.swift; path = MakelaarTableViewCell.swift; sourceTree = "<group>"; };
		9A7D957222A2E62500F7A89E /* MakelaarTableViewCell.xib */ = {isa = PBXFileReference; lastKnownFileType = file.xib; path = MakelaarTableViewCell.xib; sourceTree = "<group>"; };
		C4C45CB077BAFD6A3C6A18B4 /* libPods-HomesterdamUITests.a */ = {isa = PBXFileReference; explicitFileType = archive.ar; includeInIndex = 0; path = "libPods-HomesterdamUITests.a"; sourceTree = BUILT_PRODUCTS_DIR; };
		CEB9883AB40DE345B208287F /* libPods-HomesterdamTests.a */ = {isa = PBXFileReference; explicitFileType = archive.ar; includeInIndex = 0; path = "libPods-HomesterdamTests.a"; sourceTree = BUILT_PRODUCTS_DIR; };
		ED58DBAE26AFBE95F796ABA1 /* Pods_Homesterdam.framework */ = {isa = PBXFileReference; explicitFileType = wrapper.framework; includeInIndex = 0; path = Pods_Homesterdam.framework; sourceTree = BUILT_PRODUCTS_DIR; };
/* End PBXFileReference section */

/* Begin PBXFrameworksBuildPhase section */
		9A7D950A229F072700F7A89E /* Frameworks */ = {
			isa = PBXFrameworksBuildPhase;
			buildActionMask = 2147483647;
			files = (
				F77B284E364C09AAFCBEC417 /* Pods_Homesterdam.framework in Frameworks */,
			);
			runOnlyForDeploymentPostprocessing = 0;
		};
		9A7D951E229F072A00F7A89E /* Frameworks */ = {
			isa = PBXFrameworksBuildPhase;
			buildActionMask = 2147483647;
			files = (
				F8AFA2BF291F108B0CF0DFE3 /* libPods-HomesterdamTests.a in Frameworks */,
			);
			runOnlyForDeploymentPostprocessing = 0;
		};
		9A7D9529229F072A00F7A89E /* Frameworks */ = {
			isa = PBXFrameworksBuildPhase;
			buildActionMask = 2147483647;
			files = (
				E1D17C717106D92D699A2B0D /* libPods-HomesterdamUITests.a in Frameworks */,
			);
			runOnlyForDeploymentPostprocessing = 0;
		};
/* End PBXFrameworksBuildPhase section */

/* Begin PBXGroup section */
		9A7D9504229F072700F7A89E = {
			isa = PBXGroup;
			children = (
				9A7D950F229F072700F7A89E /* Homesterdam */,
				9A7D9524229F072A00F7A89E /* HomesterdamTests */,
				9A7D952F229F072A00F7A89E /* HomesterdamUITests */,
				9A7D950E229F072700F7A89E /* Products */,
				C04384D2BBC46D353BE476CF /* Pods */,
				D95E9857435414A6EA4431B9 /* Frameworks */,
			);
			sourceTree = "<group>";
		};
		9A7D950E229F072700F7A89E /* Products */ = {
			isa = PBXGroup;
			children = (
				9A7D950D229F072700F7A89E /* Homesterdam.app */,
				9A7D9521229F072A00F7A89E /* HomesterdamTests.xctest */,
				9A7D952C229F072A00F7A89E /* HomesterdamUITests.xctest */,
			);
			name = Products;
			sourceTree = "<group>";
		};
		9A7D950F229F072700F7A89E /* Homesterdam */ = {
			isa = PBXGroup;
			children = (
				9A7D956422A1CF2600F7A89E /* Makelaars */,
				9A7D953E229F0BA600F7A89E /* Base */,
				9A7D9547229F341400F7A89E /* Listing */,
			);
			path = Homesterdam;
			sourceTree = "<group>";
		};
		9A7D9524229F072A00F7A89E /* HomesterdamTests */ = {
			isa = PBXGroup;
			children = (
				9A7D9525229F072A00F7A89E /* HomesterdamTests.swift */,
				9A7D9527229F072A00F7A89E /* Info.plist */,
			);
			path = HomesterdamTests;
			sourceTree = "<group>";
		};
		9A7D952F229F072A00F7A89E /* HomesterdamUITests */ = {
			isa = PBXGroup;
			children = (
				9A7D9530229F072A00F7A89E /* HomesterdamUITests.swift */,
				9A7D9532229F072A00F7A89E /* Info.plist */,
			);
			path = HomesterdamUITests;
			sourceTree = "<group>";
		};
		9A7D953E229F0BA600F7A89E /* Base */ = {
			isa = PBXGroup;
			children = (
				9A7D9517229F072A00F7A89E /* Assets.xcassets */,
				9A7D9519229F072A00F7A89E /* LaunchScreen.storyboard */,
				9A7D951C229F072A00F7A89E /* Info.plist */,
				9A7D953F229F0BB900F7A89E /* BaseView.swift */,
				9A7D9541229F0BE400F7A89E /* BaseViewController.swift */,
				9A7D9543229F2AD600F7A89E /* Networking.swift */,
				9A7D9510229F072700F7A89E /* AppDelegate.swift */,
				9A7D9545229F2CE000F7A89E /* main.swift */,
				9A7D956022A06BC600F7A89E /* ReuseIdentifying.swift */,
				9A7D956222A087A100F7A89E /* URLBuilder.swift */,
			);
			path = Base;
			sourceTree = "<group>";
		};
		9A7D9547229F341400F7A89E /* Listing */ = {
			isa = PBXGroup;
			children = (
				9A7D9551229FE2F400F7A89E /* View */,
				9A7D9550229FE2EC00F7A89E /* Presenter */,
				9A7D954B229FD1C500F7A89E /* Service */,
				9A7D954A229F3CC400F7A89E /* Model */,
			);
			path = Listing;
			sourceTree = "<group>";
		};
		9A7D954A229F3CC400F7A89E /* Model */ = {
			isa = PBXGroup;
			children = (
				9A7D9548229F348700F7A89E /* ListingResponse.swift */,
			);
			path = Model;
			sourceTree = "<group>";
		};
		9A7D954B229FD1C500F7A89E /* Service */ = {
			isa = PBXGroup;
			children = (
				9A7D954C229FD1E700F7A89E /* ListingService.swift */,
				9A7D954E229FD2B600F7A89E /* ListingNetworkService.swift */,
			);
			path = Service;
			sourceTree = "<group>";
		};
		9A7D9550229FE2EC00F7A89E /* Presenter */ = {
			isa = PBXGroup;
			children = (
				9A7D9552229FE49200F7A89E /* ListingPresentable.swift */,
				9A7D9556229FE70400F7A89E /* ListingPresenter.swift */,
			);
			path = Presenter;
			sourceTree = "<group>";
		};
		9A7D9551229FE2F400F7A89E /* View */ = {
			isa = PBXGroup;
			children = (
				9A7D9554229FE57E00F7A89E /* ListingView.swift */,
				9A7D9558229FECB400F7A89E /* ListingViewController.swift */,
				9A7D9559229FECB400F7A89E /* ListingViewController.xib */,
				9A7D955C22A06BA600F7A89E /* ListingTableViewCell.swift */,
				9A7D955D22A06BA600F7A89E /* ListingTableViewCell.xib */,
			);
			path = View;
			sourceTree = "<group>";
		};
		9A7D956422A1CF2600F7A89E /* Makelaars */ = {
			isa = PBXGroup;
			children = (
				9A7D956A22A1D01C00F7A89E /* View */,
				9A7D956522A1CF3500F7A89E /* Presenter */,
			);
			path = Makelaars;
			sourceTree = "<group>";
		};
		9A7D956522A1CF3500F7A89E /* Presenter */ = {
			isa = PBXGroup;
			children = (
				9A7D956622A1CF9400F7A89E /* MakelaarsPresentable.swift */,
				9A7D956822A1CFA100F7A89E /* MakelaarsPresenter.swift */,
			);
			path = Presenter;
			sourceTree = "<group>";
		};
		9A7D956A22A1D01C00F7A89E /* View */ = {
			isa = PBXGroup;
			children = (
				9A7D956B22A1D02D00F7A89E /* MakelaarsView.swift */,
				9A7D956D22A1D2A100F7A89E /* MakelaarsViewController.swift */,
				9A7D956E22A1D2A100F7A89E /* MakelaarsViewController.xib */,
				9A7D957122A2E62500F7A89E /* MakelaarTableViewCell.swift */,
				9A7D957222A2E62500F7A89E /* MakelaarTableViewCell.xib */,
			);
			path = View;
			sourceTree = "<group>";
		};
		C04384D2BBC46D353BE476CF /* Pods */ = {
			isa = PBXGroup;
			children = (
				85E45E424E220B08D25C7BEB /* Pods-Homesterdam.debug.xcconfig */,
				4D81C73DE89CE9E03469133C /* Pods-Homesterdam.release.xcconfig */,
				856B1515FDAD8D043AC8C6AC /* Pods-HomesterdamTests.debug.xcconfig */,
				8EB222E7FB840310771E1CDA /* Pods-HomesterdamTests.release.xcconfig */,
				13D709322FA3F321EA6E42A0 /* Pods-HomesterdamUITests.debug.xcconfig */,
				360892AC04FC97EE1EC1B8CB /* Pods-HomesterdamUITests.release.xcconfig */,
			);
			path = Pods;
			sourceTree = "<group>";
		};
		D95E9857435414A6EA4431B9 /* Frameworks */ = {
			isa = PBXGroup;
			children = (
				ED58DBAE26AFBE95F796ABA1 /* Pods_Homesterdam.framework */,
				CEB9883AB40DE345B208287F /* libPods-HomesterdamTests.a */,
				C4C45CB077BAFD6A3C6A18B4 /* libPods-HomesterdamUITests.a */,
			);
			name = Frameworks;
			sourceTree = "<group>";
		};
/* End PBXGroup section */

/* Begin PBXNativeTarget section */
		9A7D950C229F072700F7A89E /* Homesterdam */ = {
			isa = PBXNativeTarget;
			buildConfigurationList = 9A7D9535229F072A00F7A89E /* Build configuration list for PBXNativeTarget "Homesterdam" */;
			buildPhases = (
				D81B15A848898E5B3C5E581A /* [CP] Check Pods Manifest.lock */,
				9A7D9509229F072700F7A89E /* Sources */,
				9A7D950A229F072700F7A89E /* Frameworks */,
				9A7D950B229F072700F7A89E /* Resources */,
				E6ACD29E36950B9ADB5C2E3C /* [CP] Embed Pods Frameworks */,
			);
			buildRules = (
			);
			dependencies = (
			);
			name = Homesterdam;
			productName = Homesterdam;
			productReference = 9A7D950D229F072700F7A89E /* Homesterdam.app */;
			productType = "com.apple.product-type.application";
		};
		9A7D9520229F072A00F7A89E /* HomesterdamTests */ = {
			isa = PBXNativeTarget;
			buildConfigurationList = 9A7D9538229F072A00F7A89E /* Build configuration list for PBXNativeTarget "HomesterdamTests" */;
			buildPhases = (
				F9A79EA2C27CFCA9FF4E3EB7 /* [CP] Check Pods Manifest.lock */,
				9A7D951D229F072A00F7A89E /* Sources */,
				9A7D951E229F072A00F7A89E /* Frameworks */,
				9A7D951F229F072A00F7A89E /* Resources */,
			);
			buildRules = (
			);
			dependencies = (
				9A7D9523229F072A00F7A89E /* PBXTargetDependency */,
			);
			name = HomesterdamTests;
			productName = HomesterdamTests;
			productReference = 9A7D9521229F072A00F7A89E /* HomesterdamTests.xctest */;
			productType = "com.apple.product-type.bundle.unit-test";
		};
		9A7D952B229F072A00F7A89E /* HomesterdamUITests */ = {
			isa = PBXNativeTarget;
			buildConfigurationList = 9A7D953B229F072A00F7A89E /* Build configuration list for PBXNativeTarget "HomesterdamUITests" */;
			buildPhases = (
				3126E8186FD948B33B933D8B /* [CP] Check Pods Manifest.lock */,
				9A7D9528229F072A00F7A89E /* Sources */,
				9A7D9529229F072A00F7A89E /* Frameworks */,
				9A7D952A229F072A00F7A89E /* Resources */,
			);
			buildRules = (
			);
			dependencies = (
				9A7D952E229F072A00F7A89E /* PBXTargetDependency */,
			);
			name = HomesterdamUITests;
			productName = HomesterdamUITests;
			productReference = 9A7D952C229F072A00F7A89E /* HomesterdamUITests.xctest */;
			productType = "com.apple.product-type.bundle.ui-testing";
		};
/* End PBXNativeTarget section */

/* Begin PBXProject section */
		9A7D9505229F072700F7A89E /* Project object */ = {
			isa = PBXProject;
			attributes = {
				LastSwiftUpdateCheck = 1020;
				LastUpgradeCheck = 1020;
				ORGANIZATIONNAME = rajeev;
				TargetAttributes = {
					9A7D950C229F072700F7A89E = {
						CreatedOnToolsVersion = 10.2.1;
					};
					9A7D9520229F072A00F7A89E = {
						CreatedOnToolsVersion = 10.2.1;
						TestTargetID = 9A7D950C229F072700F7A89E;
					};
					9A7D952B229F072A00F7A89E = {
						CreatedOnToolsVersion = 10.2.1;
						TestTargetID = 9A7D950C229F072700F7A89E;
					};
				};
			};
			buildConfigurationList = 9A7D9508229F072700F7A89E /* Build configuration list for PBXProject "Homesterdam" */;
			compatibilityVersion = "Xcode 9.3";
			developmentRegion = en;
			hasScannedForEncodings = 0;
			knownRegions = (
				en,
				Base,
			);
			mainGroup = 9A7D9504229F072700F7A89E;
			productRefGroup = 9A7D950E229F072700F7A89E /* Products */;
			projectDirPath = "";
			projectRoot = "";
			targets = (
				9A7D950C229F072700F7A89E /* Homesterdam */,
				9A7D9520229F072A00F7A89E /* HomesterdamTests */,
				9A7D952B229F072A00F7A89E /* HomesterdamUITests */,
			);
		};
/* End PBXProject section */

/* Begin PBXResourcesBuildPhase section */
		9A7D950B229F072700F7A89E /* Resources */ = {
			isa = PBXResourcesBuildPhase;
			buildActionMask = 2147483647;
			files = (
				9A7D955B229FECB400F7A89E /* ListingViewController.xib in Resources */,
				9A7D951B229F072A00F7A89E /* LaunchScreen.storyboard in Resources */,
				9A7D957022A1D2A100F7A89E /* MakelaarsViewController.xib in Resources */,
				9A7D957422A2E62500F7A89E /* MakelaarTableViewCell.xib in Resources */,
				9A7D955F22A06BA600F7A89E /* ListingTableViewCell.xib in Resources */,
				9A7D9518229F072A00F7A89E /* Assets.xcassets in Resources */,
			);
			runOnlyForDeploymentPostprocessing = 0;
		};
		9A7D951F229F072A00F7A89E /* Resources */ = {
			isa = PBXResourcesBuildPhase;
			buildActionMask = 2147483647;
			files = (
			);
			runOnlyForDeploymentPostprocessing = 0;
		};
		9A7D952A229F072A00F7A89E /* Resources */ = {
			isa = PBXResourcesBuildPhase;
			buildActionMask = 2147483647;
			files = (
			);
			runOnlyForDeploymentPostprocessing = 0;
		};
/* End PBXResourcesBuildPhase section */

/* Begin PBXShellScriptBuildPhase section */
		3126E8186FD948B33B933D8B /* [CP] Check Pods Manifest.lock */ = {
			isa = PBXShellScriptBuildPhase;
			buildActionMask = 2147483647;
			files = (
			);
			inputFileListPaths = (
			);
			inputPaths = (
				"${PODS_PODFILE_DIR_PATH}/Podfile.lock",
				"${PODS_ROOT}/Manifest.lock",
			);
			name = "[CP] Check Pods Manifest.lock";
			outputFileListPaths = (
			);
			outputPaths = (
				"$(DERIVED_FILE_DIR)/Pods-HomesterdamUITests-checkManifestLockResult.txt",
			);
			runOnlyForDeploymentPostprocessing = 0;
			shellPath = /bin/sh;
			shellScript = "diff \"${PODS_PODFILE_DIR_PATH}/Podfile.lock\" \"${PODS_ROOT}/Manifest.lock\" > /dev/null\nif [ $? != 0 ] ; then\n    # print error to STDERR\n    echo \"error: The sandbox is not in sync with the Podfile.lock. Run 'pod install' or update your CocoaPods installation.\" >&2\n    exit 1\nfi\n# This output is used by Xcode 'outputs' to avoid re-running this script phase.\necho \"SUCCESS\" > \"${SCRIPT_OUTPUT_FILE_0}\"\n";
			showEnvVarsInLog = 0;
		};
		D81B15A848898E5B3C5E581A /* [CP] Check Pods Manifest.lock */ = {
			isa = PBXShellScriptBuildPhase;
			buildActionMask = 2147483647;
			files = (
			);
			inputFileListPaths = (
			);
			inputPaths = (
				"${PODS_PODFILE_DIR_PATH}/Podfile.lock",
				"${PODS_ROOT}/Manifest.lock",
			);
			name = "[CP] Check Pods Manifest.lock";
			outputFileListPaths = (
			);
			outputPaths = (
				"$(DERIVED_FILE_DIR)/Pods-Homesterdam-checkManifestLockResult.txt",
			);
			runOnlyForDeploymentPostprocessing = 0;
			shellPath = /bin/sh;
			shellScript = "diff \"${PODS_PODFILE_DIR_PATH}/Podfile.lock\" \"${PODS_ROOT}/Manifest.lock\" > /dev/null\nif [ $? != 0 ] ; then\n    # print error to STDERR\n    echo \"error: The sandbox is not in sync with the Podfile.lock. Run 'pod install' or update your CocoaPods installation.\" >&2\n    exit 1\nfi\n# This output is used by Xcode 'outputs' to avoid re-running this script phase.\necho \"SUCCESS\" > \"${SCRIPT_OUTPUT_FILE_0}\"\n";
			showEnvVarsInLog = 0;
		};
		E6ACD29E36950B9ADB5C2E3C /* [CP] Embed Pods Frameworks */ = {
			isa = PBXShellScriptBuildPhase;
			buildActionMask = 2147483647;
			files = (
			);
			inputFileListPaths = (
				"${PODS_ROOT}/Target Support Files/Pods-Homesterdam/Pods-Homesterdam-frameworks-${CONFIGURATION}-input-files.xcfilelist",
			);
			name = "[CP] Embed Pods Frameworks";
			outputFileListPaths = (
				"${PODS_ROOT}/Target Support Files/Pods-Homesterdam/Pods-Homesterdam-frameworks-${CONFIGURATION}-output-files.xcfilelist",
			);
			runOnlyForDeploymentPostprocessing = 0;
			shellPath = /bin/sh;
			shellScript = "\"${PODS_ROOT}/Target Support Files/Pods-Homesterdam/Pods-Homesterdam-frameworks.sh\"\n";
			showEnvVarsInLog = 0;
		};
		F9A79EA2C27CFCA9FF4E3EB7 /* [CP] Check Pods Manifest.lock */ = {
			isa = PBXShellScriptBuildPhase;
			buildActionMask = 2147483647;
			files = (
			);
			inputFileListPaths = (
			);
			inputPaths = (
				"${PODS_PODFILE_DIR_PATH}/Podfile.lock",
				"${PODS_ROOT}/Manifest.lock",
			);
			name = "[CP] Check Pods Manifest.lock";
			outputFileListPaths = (
			);
			outputPaths = (
				"$(DERIVED_FILE_DIR)/Pods-HomesterdamTests-checkManifestLockResult.txt",
			);
			runOnlyForDeploymentPostprocessing = 0;
			shellPath = /bin/sh;
			shellScript = "diff \"${PODS_PODFILE_DIR_PATH}/Podfile.lock\" \"${PODS_ROOT}/Manifest.lock\" > /dev/null\nif [ $? != 0 ] ; then\n    # print error to STDERR\n    echo \"error: The sandbox is not in sync with the Podfile.lock. Run 'pod install' or update your CocoaPods installation.\" >&2\n    exit 1\nfi\n# This output is used by Xcode 'outputs' to avoid re-running this script phase.\necho \"SUCCESS\" > \"${SCRIPT_OUTPUT_FILE_0}\"\n";
			showEnvVarsInLog = 0;
		};
/* End PBXShellScriptBuildPhase section */

/* Begin PBXSourcesBuildPhase section */
		9A7D9509229F072700F7A89E /* Sources */ = {
			isa = PBXSourcesBuildPhase;
			buildActionMask = 2147483647;
			files = (
				9A7D9540229F0BB900F7A89E /* BaseView.swift in Sources */,
				9A7D9555229FE57E00F7A89E /* ListingView.swift in Sources */,
				9A7D954D229FD1E700F7A89E /* ListingService.swift in Sources */,
				9A7D955A229FECB400F7A89E /* ListingViewController.swift in Sources */,
				9A7D9553229FE49200F7A89E /* ListingPresentable.swift in Sources */,
				9A7D956322A087A100F7A89E /* URLBuilder.swift in Sources */,
				9A7D955E22A06BA600F7A89E /* ListingTableViewCell.swift in Sources */,
				9A7D957322A2E62500F7A89E /* MakelaarTableViewCell.swift in Sources */,
				9A7D9544229F2AD600F7A89E /* Networking.swift in Sources */,
				9A7D956122A06BC600F7A89E /* ReuseIdentifying.swift in Sources */,
				9A7D954F229FD2B600F7A89E /* ListingNetworkService.swift in Sources */,
				9A7D9557229FE70400F7A89E /* ListingPresenter.swift in Sources */,
				9A7D956722A1CF9400F7A89E /* MakelaarsPresentable.swift in Sources */,
				9A7D956F22A1D2A100F7A89E /* MakelaarsViewController.swift in Sources */,
				9A7D9546229F2CE000F7A89E /* main.swift in Sources */,
				9A7D9542229F0BE400F7A89E /* BaseViewController.swift in Sources */,
				9A7D956C22A1D02D00F7A89E /* MakelaarsView.swift in Sources */,
				9A7D956922A1CFA100F7A89E /* MakelaarsPresenter.swift in Sources */,
				9A7D9549229F348700F7A89E /* ListingResponse.swift in Sources */,
				9A7D9511229F072700F7A89E /* AppDelegate.swift in Sources */,
			);
			runOnlyForDeploymentPostprocessing = 0;
		};
		9A7D951D229F072A00F7A89E /* Sources */ = {
			isa = PBXSourcesBuildPhase;
			buildActionMask = 2147483647;
			files = (
				9A7D9526229F072A00F7A89E /* HomesterdamTests.swift in Sources */,
			);
			runOnlyForDeploymentPostprocessing = 0;
		};
		9A7D9528229F072A00F7A89E /* Sources */ = {
			isa = PBXSourcesBuildPhase;
			buildActionMask = 2147483647;
			files = (
				9A7D9531229F072A00F7A89E /* HomesterdamUITests.swift in Sources */,
			);
			runOnlyForDeploymentPostprocessing = 0;
		};
/* End PBXSourcesBuildPhase section */

/* Begin PBXTargetDependency section */
		9A7D9523229F072A00F7A89E /* PBXTargetDependency */ = {
			isa = PBXTargetDependency;
			target = 9A7D950C229F072700F7A89E /* Homesterdam */;
			targetProxy = 9A7D9522229F072A00F7A89E /* PBXContainerItemProxy */;
		};
		9A7D952E229F072A00F7A89E /* PBXTargetDependency */ = {
			isa = PBXTargetDependency;
			target = 9A7D950C229F072700F7A89E /* Homesterdam */;
			targetProxy = 9A7D952D229F072A00F7A89E /* PBXContainerItemProxy */;
		};
/* End PBXTargetDependency section */

/* Begin PBXVariantGroup section */
		9A7D9519229F072A00F7A89E /* LaunchScreen.storyboard */ = {
			isa = PBXVariantGroup;
			children = (
				9A7D951A229F072A00F7A89E /* Base */,
			);
			name = LaunchScreen.storyboard;
			sourceTree = "<group>";
		};
/* End PBXVariantGroup section */

/* Begin XCBuildConfiguration section */
		9A7D9533229F072A00F7A89E /* Debug */ = {
			isa = XCBuildConfiguration;
			buildSettings = {
				ALWAYS_SEARCH_USER_PATHS = NO;
				CLANG_ANALYZER_NONNULL = YES;
				CLANG_ANALYZER_NUMBER_OBJECT_CONVERSION = YES_AGGRESSIVE;
				CLANG_CXX_LANGUAGE_STANDARD = "gnu++14";
				CLANG_CXX_LIBRARY = "libc++";
				CLANG_ENABLE_MODULES = YES;
				CLANG_ENABLE_OBJC_ARC = YES;
				CLANG_ENABLE_OBJC_WEAK = YES;
				CLANG_WARN_BLOCK_CAPTURE_AUTORELEASING = YES;
				CLANG_WARN_BOOL_CONVERSION = YES;
				CLANG_WARN_COMMA = YES;
				CLANG_WARN_CONSTANT_CONVERSION = YES;
				CLANG_WARN_DEPRECATED_OBJC_IMPLEMENTATIONS = YES;
				CLANG_WARN_DIRECT_OBJC_ISA_USAGE = YES_ERROR;
				CLANG_WARN_DOCUMENTATION_COMMENTS = YES;
				CLANG_WARN_EMPTY_BODY = YES;
				CLANG_WARN_ENUM_CONVERSION = YES;
				CLANG_WARN_INFINITE_RECURSION = YES;
				CLANG_WARN_INT_CONVERSION = YES;
				CLANG_WARN_NON_LITERAL_NULL_CONVERSION = YES;
				CLANG_WARN_OBJC_IMPLICIT_RETAIN_SELF = YES;
				CLANG_WARN_OBJC_LITERAL_CONVERSION = YES;
				CLANG_WARN_OBJC_ROOT_CLASS = YES_ERROR;
				CLANG_WARN_RANGE_LOOP_ANALYSIS = YES;
				CLANG_WARN_STRICT_PROTOTYPES = YES;
				CLANG_WARN_SUSPICIOUS_MOVE = YES;
				CLANG_WARN_UNGUARDED_AVAILABILITY = YES_AGGRESSIVE;
				CLANG_WARN_UNREACHABLE_CODE = YES;
				CLANG_WARN__DUPLICATE_METHOD_MATCH = YES;
				CODE_SIGN_IDENTITY = "iPhone Developer";
				COPY_PHASE_STRIP = NO;
				DEBUG_INFORMATION_FORMAT = dwarf;
				ENABLE_STRICT_OBJC_MSGSEND = YES;
				ENABLE_TESTABILITY = YES;
				GCC_C_LANGUAGE_STANDARD = gnu11;
				GCC_DYNAMIC_NO_PIC = NO;
				GCC_NO_COMMON_BLOCKS = YES;
				GCC_OPTIMIZATION_LEVEL = 0;
				GCC_PREPROCESSOR_DEFINITIONS = (
					"DEBUG=1",
					"$(inherited)",
				);
				GCC_WARN_64_TO_32_BIT_CONVERSION = YES;
				GCC_WARN_ABOUT_RETURN_TYPE = YES_ERROR;
				GCC_WARN_UNDECLARED_SELECTOR = YES;
				GCC_WARN_UNINITIALIZED_AUTOS = YES_AGGRESSIVE;
				GCC_WARN_UNUSED_FUNCTION = YES;
				GCC_WARN_UNUSED_VARIABLE = YES;
				IPHONEOS_DEPLOYMENT_TARGET = 12.2;
				MTL_ENABLE_DEBUG_INFO = INCLUDE_SOURCE;
				MTL_FAST_MATH = YES;
				ONLY_ACTIVE_ARCH = YES;
				SDKROOT = iphoneos;
				SWIFT_ACTIVE_COMPILATION_CONDITIONS = DEBUG;
				SWIFT_OPTIMIZATION_LEVEL = "-Onone";
			};
			name = Debug;
		};
		9A7D9534229F072A00F7A89E /* Release */ = {
			isa = XCBuildConfiguration;
			buildSettings = {
				ALWAYS_SEARCH_USER_PATHS = NO;
				CLANG_ANALYZER_NONNULL = YES;
				CLANG_ANALYZER_NUMBER_OBJECT_CONVERSION = YES_AGGRESSIVE;
				CLANG_CXX_LANGUAGE_STANDARD = "gnu++14";
				CLANG_CXX_LIBRARY = "libc++";
				CLANG_ENABLE_MODULES = YES;
				CLANG_ENABLE_OBJC_ARC = YES;
				CLANG_ENABLE_OBJC_WEAK = YES;
				CLANG_WARN_BLOCK_CAPTURE_AUTORELEASING = YES;
				CLANG_WARN_BOOL_CONVERSION = YES;
				CLANG_WARN_COMMA = YES;
				CLANG_WARN_CONSTANT_CONVERSION = YES;
				CLANG_WARN_DEPRECATED_OBJC_IMPLEMENTATIONS = YES;
				CLANG_WARN_DIRECT_OBJC_ISA_USAGE = YES_ERROR;
				CLANG_WARN_DOCUMENTATION_COMMENTS = YES;
				CLANG_WARN_EMPTY_BODY = YES;
				CLANG_WARN_ENUM_CONVERSION = YES;
				CLANG_WARN_INFINITE_RECURSION = YES;
				CLANG_WARN_INT_CONVERSION = YES;
				CLANG_WARN_NON_LITERAL_NULL_CONVERSION = YES;
				CLANG_WARN_OBJC_IMPLICIT_RETAIN_SELF = YES;
				CLANG_WARN_OBJC_LITERAL_CONVERSION = YES;
				CLANG_WARN_OBJC_ROOT_CLASS = YES_ERROR;
				CLANG_WARN_RANGE_LOOP_ANALYSIS = YES;
				CLANG_WARN_STRICT_PROTOTYPES = YES;
				CLANG_WARN_SUSPICIOUS_MOVE = YES;
				CLANG_WARN_UNGUARDED_AVAILABILITY = YES_AGGRESSIVE;
				CLANG_WARN_UNREACHABLE_CODE = YES;
				CLANG_WARN__DUPLICATE_METHOD_MATCH = YES;
				CODE_SIGN_IDENTITY = "iPhone Developer";
				COPY_PHASE_STRIP = NO;
				DEBUG_INFORMATION_FORMAT = "dwarf-with-dsym";
				ENABLE_NS_ASSERTIONS = NO;
				ENABLE_STRICT_OBJC_MSGSEND = YES;
				GCC_C_LANGUAGE_STANDARD = gnu11;
				GCC_NO_COMMON_BLOCKS = YES;
				GCC_WARN_64_TO_32_BIT_CONVERSION = YES;
				GCC_WARN_ABOUT_RETURN_TYPE = YES_ERROR;
				GCC_WARN_UNDECLARED_SELECTOR = YES;
				GCC_WARN_UNINITIALIZED_AUTOS = YES_AGGRESSIVE;
				GCC_WARN_UNUSED_FUNCTION = YES;
				GCC_WARN_UNUSED_VARIABLE = YES;
				IPHONEOS_DEPLOYMENT_TARGET = 12.2;
				MTL_ENABLE_DEBUG_INFO = NO;
				MTL_FAST_MATH = YES;
				SDKROOT = iphoneos;
				SWIFT_COMPILATION_MODE = wholemodule;
				SWIFT_OPTIMIZATION_LEVEL = "-O";
				VALIDATE_PRODUCT = YES;
			};
			name = Release;
		};
		9A7D9536229F072A00F7A89E /* Debug */ = {
			isa = XCBuildConfiguration;
			baseConfigurationReference = 85E45E424E220B08D25C7BEB /* Pods-Homesterdam.debug.xcconfig */;
			buildSettings = {
				ASSETCATALOG_COMPILER_APPICON_NAME = AppIcon;
				CODE_SIGN_STYLE = Automatic;
				INFOPLIST_FILE = "$(SRCROOT)/Homesterdam/Base/Info.plist";
				LD_RUNPATH_SEARCH_PATHS = (
					"$(inherited)",
					"@executable_path/Frameworks",
				);
				PRODUCT_BUNDLE_IDENTIFIER = com.rajeev.Homesterdam;
				PRODUCT_NAME = "$(TARGET_NAME)";
				SWIFT_VERSION = 5.0;
				TARGETED_DEVICE_FAMILY = 1;
			};
			name = Debug;
		};
		9A7D9537229F072A00F7A89E /* Release */ = {
			isa = XCBuildConfiguration;
			baseConfigurationReference = 4D81C73DE89CE9E03469133C /* Pods-Homesterdam.release.xcconfig */;
			buildSettings = {
				ASSETCATALOG_COMPILER_APPICON_NAME = AppIcon;
				CODE_SIGN_STYLE = Automatic;
				INFOPLIST_FILE = "$(SRCROOT)/Homesterdam/Base/Info.plist";
				LD_RUNPATH_SEARCH_PATHS = (
					"$(inherited)",
					"@executable_path/Frameworks",
				);
				PRODUCT_BUNDLE_IDENTIFIER = com.rajeev.Homesterdam;
				PRODUCT_NAME = "$(TARGET_NAME)";
				SWIFT_VERSION = 5.0;
				TARGETED_DEVICE_FAMILY = 1;
			};
			name = Release;
		};
		9A7D9539229F072A00F7A89E /* Debug */ = {
			isa = XCBuildConfiguration;
			baseConfigurationReference = 856B1515FDAD8D043AC8C6AC /* Pods-HomesterdamTests.debug.xcconfig */;
			buildSettings = {
				ALWAYS_EMBED_SWIFT_STANDARD_LIBRARIES = YES;
				BUNDLE_LOADER = "$(TEST_HOST)";
				CODE_SIGN_STYLE = Automatic;
				INFOPLIST_FILE = HomesterdamTests/Info.plist;
				LD_RUNPATH_SEARCH_PATHS = (
					"$(inherited)",
					"@executable_path/Frameworks",
					"@loader_path/Frameworks",
				);
				PRODUCT_BUNDLE_IDENTIFIER = com.rajeev.HomesterdamTests;
				PRODUCT_NAME = "$(TARGET_NAME)";
				SWIFT_VERSION = 5.0;
				TARGETED_DEVICE_FAMILY = "1,2";
				TEST_HOST = "$(BUILT_PRODUCTS_DIR)/Homesterdam.app/Homesterdam";
			};
			name = Debug;
		};
		9A7D953A229F072A00F7A89E /* Release */ = {
			isa = XCBuildConfiguration;
			baseConfigurationReference = 8EB222E7FB840310771E1CDA /* Pods-HomesterdamTests.release.xcconfig */;
			buildSettings = {
				ALWAYS_EMBED_SWIFT_STANDARD_LIBRARIES = YES;
				BUNDLE_LOADER = "$(TEST_HOST)";
				CODE_SIGN_STYLE = Automatic;
				INFOPLIST_FILE = HomesterdamTests/Info.plist;
				LD_RUNPATH_SEARCH_PATHS = (
					"$(inherited)",
					"@executable_path/Frameworks",
					"@loader_path/Frameworks",
				);
				PRODUCT_BUNDLE_IDENTIFIER = com.rajeev.HomesterdamTests;
				PRODUCT_NAME = "$(TARGET_NAME)";
				SWIFT_VERSION = 5.0;
				TARGETED_DEVICE_FAMILY = "1,2";
				TEST_HOST = "$(BUILT_PRODUCTS_DIR)/Homesterdam.app/Homesterdam";
			};
			name = Release;
		};
		9A7D953C229F072A00F7A89E /* Debug */ = {
			isa = XCBuildConfiguration;
			baseConfigurationReference = 13D709322FA3F321EA6E42A0 /* Pods-HomesterdamUITests.debug.xcconfig */;
			buildSettings = {
				ALWAYS_EMBED_SWIFT_STANDARD_LIBRARIES = YES;
				CODE_SIGN_STYLE = Automatic;
				INFOPLIST_FILE = HomesterdamUITests/Info.plist;
				LD_RUNPATH_SEARCH_PATHS = (
					"$(inherited)",
					"@executable_path/Frameworks",
					"@loader_path/Frameworks",
				);
				PRODUCT_BUNDLE_IDENTIFIER = com.rajeev.HomesterdamUITests;
				PRODUCT_NAME = "$(TARGET_NAME)";
				SWIFT_VERSION = 5.0;
				TARGETED_DEVICE_FAMILY = "1,2";
				TEST_TARGET_NAME = Homesterdam;
			};
			name = Debug;
		};
		9A7D953D229F072A00F7A89E /* Release */ = {
			isa = XCBuildConfiguration;
			baseConfigurationReference = 360892AC04FC97EE1EC1B8CB /* Pods-HomesterdamUITests.release.xcconfig */;
			buildSettings = {
				ALWAYS_EMBED_SWIFT_STANDARD_LIBRARIES = YES;
				CODE_SIGN_STYLE = Automatic;
				INFOPLIST_FILE = HomesterdamUITests/Info.plist;
				LD_RUNPATH_SEARCH_PATHS = (
					"$(inherited)",
					"@executable_path/Frameworks",
					"@loader_path/Frameworks",
				);
				PRODUCT_BUNDLE_IDENTIFIER = com.rajeev.HomesterdamUITests;
				PRODUCT_NAME = "$(TARGET_NAME)";
				SWIFT_VERSION = 5.0;
				TARGETED_DEVICE_FAMILY = "1,2";
				TEST_TARGET_NAME = Homesterdam;
			};
			name = Release;
		};
/* End XCBuildConfiguration section */

/* Begin XCConfigurationList section */
		9A7D9508229F072700F7A89E /* Build configuration list for PBXProject "Homesterdam" */ = {
			isa = XCConfigurationList;
			buildConfigurations = (
				9A7D9533229F072A00F7A89E /* Debug */,
				9A7D9534229F072A00F7A89E /* Release */,
			);
			defaultConfigurationIsVisible = 0;
			defaultConfigurationName = Release;
		};
		9A7D9535229F072A00F7A89E /* Build configuration list for PBXNativeTarget "Homesterdam" */ = {
			isa = XCConfigurationList;
			buildConfigurations = (
				9A7D9536229F072A00F7A89E /* Debug */,
				9A7D9537229F072A00F7A89E /* Release */,
			);
			defaultConfigurationIsVisible = 0;
			defaultConfigurationName = Release;
		};
		9A7D9538229F072A00F7A89E /* Build configuration list for PBXNativeTarget "HomesterdamTests" */ = {
			isa = XCConfigurationList;
			buildConfigurations = (
				9A7D9539229F072A00F7A89E /* Debug */,
				9A7D953A229F072A00F7A89E /* Release */,
			);
			defaultConfigurationIsVisible = 0;
			defaultConfigurationName = Release;
		};
		9A7D953B229F072A00F7A89E /* Build configuration list for PBXNativeTarget "HomesterdamUITests" */ = {
			isa = XCConfigurationList;
			buildConfigurations = (
				9A7D953C229F072A00F7A89E /* Debug */,
				9A7D953D229F072A00F7A89E /* Release */,
			);
			defaultConfigurationIsVisible = 0;
			defaultConfigurationName = Release;
		};
/* End XCConfigurationList section */
	};
	rootObject = 9A7D9505229F072700F7A89E /* Project object */;
}
